
Microsoft Visual Studio Solution File, Format Version 12.00
# Visual Studio Version 16
VisualStudioVersion = 16.0.30611.23
MinimumVisualStudioVersion = 15.0.26124.0
Project("{FAE04EC0-301F-11D3-BF4B-00C04F79EFBC}") = "SemyaDebilov.Objects", "Objects/SemyaDebilov.Objects.csproj", "8201246f-ba26-4df9-a93c-79c4cca29cd8"
EndProject
Project("{FAE04EC0-301F-11D3-BF4B-00C04F79EFBC}") = "SemyaDebilov.Tests", "Tests/SemyaDebilov.Tests.csproj", "a912f025-2357-427f-af1c-9c0e239a6cb9"
EndProject
Project("{FAE04EC0-301F-11D3-BF4B-00C04F79EFBC}") = "SemyaDebilov.ODataBackend", "ODataBackend/SemyaDebilov.ODataBackend.csproj", "d22c683b-152f-42e0-b13f-3dce44f31968"
EndProject
Project("{FAE04EC0-301F-11D3-BF4B-00C04F79EFBC}") = "SemyaDebilov.IntegrationTests", "IntegrationTests/SemyaDebilov.IntegrationTests.csproj", "b78e82c5-1772-43f4-9508-50b03f1824c4"
EndProject
Global
	GlobalSection(SolutionConfigurationPlatforms) = preSolution
Debug|Any CPU = Debug|Any CPU
Release|Any CPU = Release|Any CPU
	EndGlobalSection
	GlobalSection(ProjectConfigurationPlatforms) = postSolution
		8201246f-ba26-4df9-a93c-79c4cca29cd8.Debug|Any CPU.ActiveCfg = Debug|Any CPU
		8201246f-ba26-4df9-a93c-79c4cca29cd8.Debug|Any CPU.Build.0 = Debug|Any CPU
		8201246f-ba26-4df9-a93c-79c4cca29cd8.Release|Any CPU.ActiveCfg = Release|Any CPU
		8201246f-ba26-4df9-a93c-79c4cca29cd8.Release|Any CPU.Build.0 = Release|Any CPU
		a912f025-2357-427f-af1c-9c0e239a6cb9.Debug|Any CPU.ActiveCfg = Debug|Any CPU
		a912f025-2357-427f-af1c-9c0e239a6cb9.Debug|Any CPU.Build.0 = Debug|Any CPU
		a912f025-2357-427f-af1c-9c0e239a6cb9.Release|Any CPU.ActiveCfg = Release|Any CPU
		a912f025-2357-427f-af1c-9c0e239a6cb9.Release|Any CPU.Build.0 = Release|Any CPU
		d22c683b-152f-42e0-b13f-3dce44f31968.Debug|Any CPU.ActiveCfg = Debug|Any CPU
		d22c683b-152f-42e0-b13f-3dce44f31968.Debug|Any CPU.Build.0 = Debug|Any CPU
		d22c683b-152f-42e0-b13f-3dce44f31968.Release|Any CPU.ActiveCfg = Release|Any CPU
		d22c683b-152f-42e0-b13f-3dce44f31968.Release|Any CPU.Build.0 = Release|Any CPU
		b78e82c5-1772-43f4-9508-50b03f1824c4.Debug|Any CPU.ActiveCfg = Debug|Any CPU
		b78e82c5-1772-43f4-9508-50b03f1824c4.Debug|Any CPU.Build.0 = Debug|Any CPU
		b78e82c5-1772-43f4-9508-50b03f1824c4.Release|Any CPU.ActiveCfg = Release|Any CPU
		b78e82c5-1772-43f4-9508-50b03f1824c4.Release|Any CPU.Build.0 = Release|Any CPU
	EndGlobalSection
	GlobalSection(SolutionProperties) = preSolution
		HideSolutionNode = FALSE
	EndGlobalSection
EndGlobal
